// !$*UTF8*$!
{
	archiveVersion = 1;
	classes = {
	};
	objectVersion = 46;
	objects = {

/* Begin PBXBuildFile section */
		859586F21ABA3F850020BC8B /* AppDelegate.swift in Sources */ = {isa = PBXBuildFile; fileRef = 859586F11ABA3F850020BC8B /* AppDelegate.swift */; };
		859586F41ABA3F850020BC8B /* ViewController.swift in Sources */ = {isa = PBXBuildFile; fileRef = 859586F31ABA3F850020BC8B /* ViewController.swift */; };
		859586F71ABA3F850020BC8B /* Main.storyboard in Resources */ = {isa = PBXBuildFile; fileRef = 859586F51ABA3F850020BC8B /* Main.storyboard */; };
		859586F91ABA3F850020BC8B /* Images.xcassets in Resources */ = {isa = PBXBuildFile; fileRef = 859586F81ABA3F850020BC8B /* Images.xcassets */; };
		859586FC1ABA3F850020BC8B /* LaunchScreen.xib in Resources */ = {isa = PBXBuildFile; fileRef = 859586FA1ABA3F850020BC8B /* LaunchScreen.xib */; };
		859587081ABA3F850020BC8B /* api_demoTests.swift in Sources */ = {isa = PBXBuildFile; fileRef = 859587071ABA3F850020BC8B /* api_demoTests.swift */; };
		859587141ABA4C5E0020BC8B /* User.swift in Sources */ = {isa = PBXBuildFile; fileRef = 859587131ABA4C5E0020BC8B /* User.swift */; };
		8A0CBB25EB89CA91ADC5ABC1 /* libPods.a in Frameworks */ = {isa = PBXBuildFile; fileRef = 51DD813E3DCC2F0ED400C638 /* libPods.a */; };
/* End PBXBuildFile section */

/* Begin PBXContainerItemProxy section */
		859587021ABA3F850020BC8B /* PBXContainerItemProxy */ = {
			isa = PBXContainerItemProxy;
			containerPortal = 859586E41ABA3F840020BC8B /* Project object */;
			proxyType = 1;
			remoteGlobalIDString = 859586EB1ABA3F850020BC8B;
			remoteInfo = "api-demo";
		};
/* End PBXContainerItemProxy section */

/* Begin PBXFileReference section */
		51DD813E3DCC2F0ED400C638 /* libPods.a */ = {isa = PBXFileReference; explicitFileType = archive.ar; includeInIndex = 0; path = libPods.a; sourceTree = BUILT_PRODUCTS_DIR; };
		77798E9A3DDC93B1FF28C43D /* Pods.release.xcconfig */ = {isa = PBXFileReference; includeInIndex = 1; lastKnownFileType = text.xcconfig; name = Pods.release.xcconfig; path = "Pods/Target Support Files/Pods/Pods.release.xcconfig"; sourceTree = "<group>"; };
		859586EC1ABA3F850020BC8B /* api-demo.app */ = {isa = PBXFileReference; explicitFileType = wrapper.application; includeInIndex = 0; path = "api-demo.app"; sourceTree = BUILT_PRODUCTS_DIR; };
		859586F01ABA3F850020BC8B /* Info.plist */ = {isa = PBXFileReference; lastKnownFileType = text.plist.xml; path = Info.plist; sourceTree = "<group>"; };
		859586F11ABA3F850020BC8B /* AppDelegate.swift */ = {isa = PBXFileReference; lastKnownFileType = sourcecode.swift; path = AppDelegate.swift; sourceTree = "<group>"; };
		859586F31ABA3F850020BC8B /* ViewController.swift */ = {isa = PBXFileReference; lastKnownFileType = sourcecode.swift; path = ViewController.swift; sourceTree = "<group>"; };
		859586F61ABA3F850020BC8B /* Base */ = {isa = PBXFileReference; lastKnownFileType = file.storyboard; name = Base; path = Base.lproj/Main.storyboard; sourceTree = "<group>"; };
		859586F81ABA3F850020BC8B /* Images.xcassets */ = {isa = PBXFileReference; lastKnownFileType = folder.assetcatalog; path = Images.xcassets; sourceTree = "<group>"; };
		859586FB1ABA3F850020BC8B /* Base */ = {isa = PBXFileReference; lastKnownFileType = file.xib; name = Base; path = Base.lproj/LaunchScreen.xib; sourceTree = "<group>"; };
		859587011ABA3F850020BC8B /* api-demoTests.xctest */ = {isa = PBXFileReference; explicitFileType = wrapper.cfbundle; includeInIndex = 0; path = "api-demoTests.xctest"; sourceTree = BUILT_PRODUCTS_DIR; };
		859587061ABA3F850020BC8B /* Info.plist */ = {isa = PBXFileReference; lastKnownFileType = text.plist.xml; path = Info.plist; sourceTree = "<group>"; };
		859587071ABA3F850020BC8B /* api_demoTests.swift */ = {isa = PBXFileReference; lastKnownFileType = sourcecode.swift; path = api_demoTests.swift; sourceTree = "<group>"; };
		859587131ABA4C5E0020BC8B /* User.swift */ = {isa = PBXFileReference; fileEncoding = 4; lastKnownFileType = sourcecode.swift; path = User.swift; sourceTree = "<group>"; };
		859587151ABA52060020BC8B /* Bridging-Header.h */ = {isa = PBXFileReference; fileEncoding = 4; lastKnownFileType = sourcecode.c.h; path = "Bridging-Header.h"; sourceTree = "<group>"; };
		D6F32CE92F61E0A783A5B23D /* Pods.debug.xcconfig */ = {isa = PBXFileReference; includeInIndex = 1; lastKnownFileType = text.xcconfig; name = Pods.debug.xcconfig; path = "Pods/Target Support Files/Pods/Pods.debug.xcconfig"; sourceTree = "<group>"; };
/* End PBXFileReference section */

/* Begin PBXFrameworksBuildPhase section */
		859586E91ABA3F850020BC8B /* Frameworks */ = {
			isa = PBXFrameworksBuildPhase;
			buildActionMask = 2147483647;
			files = (
				8A0CBB25EB89CA91ADC5ABC1 /* libPods.a in Frameworks */,
			);
			runOnlyForDeploymentPostprocessing = 0;
		};
		859586FE1ABA3F850020BC8B /* Frameworks */ = {
			isa = PBXFrameworksBuildPhase;
			buildActionMask = 2147483647;
			files = (
			);
			runOnlyForDeploymentPostprocessing = 0;
		};
/* End PBXFrameworksBuildPhase section */

/* Begin PBXGroup section */
		3CEA5A285027263D117C31C1 /* Frameworks */ = {
			isa = PBXGroup;
			children = (
				51DD813E3DCC2F0ED400C638 /* libPods.a */,
			);
			name = Frameworks;
			sourceTree = "<group>";
		};
		859586E31ABA3F840020BC8B = {
			isa = PBXGroup;
			children = (
				859586EE1ABA3F850020BC8B /* api-demo */,
				859587041ABA3F850020BC8B /* api-demoTests */,
				859586ED1ABA3F850020BC8B /* Products */,
				D705A62A3EBBF2AEAC7B1E85 /* Pods */,
				3CEA5A285027263D117C31C1 /* Frameworks */,
			);
			sourceTree = "<group>";
		};
		859586ED1ABA3F850020BC8B /* Products */ = {
			isa = PBXGroup;
			children = (
				859586EC1ABA3F850020BC8B /* api-demo.app */,
				859587011ABA3F850020BC8B /* api-demoTests.xctest */,
			);
			name = Products;
			sourceTree = "<group>";
		};
		859586EE1ABA3F850020BC8B /* api-demo */ = {
			isa = PBXGroup;
			children = (
				859587151ABA52060020BC8B /* Bridging-Header.h */,
				859587131ABA4C5E0020BC8B /* User.swift */,
				859586F11ABA3F850020BC8B /* AppDelegate.swift */,
				859586F31ABA3F850020BC8B /* ViewController.swift */,
				859586F51ABA3F850020BC8B /* Main.storyboard */,
				859586F81ABA3F850020BC8B /* Images.xcassets */,
				859586FA1ABA3F850020BC8B /* LaunchScreen.xib */,
				859586EF1ABA3F850020BC8B /* Supporting Files */,
			);
			path = "api-demo";
			sourceTree = "<group>";
		};
		859586EF1ABA3F850020BC8B /* Supporting Files */ = {
			isa = PBXGroup;
			children = (
				859586F01ABA3F850020BC8B /* Info.plist */,
			);
			name = "Supporting Files";
			sourceTree = "<group>";
		};
		859587041ABA3F850020BC8B /* api-demoTests */ = {
			isa = PBXGroup;
			children = (
				859587071ABA3F850020BC8B /* api_demoTests.swift */,
				859587051ABA3F850020BC8B /* Supporting Files */,
			);
			path = "api-demoTests";
			sourceTree = "<group>";
		};
		859587051ABA3F850020BC8B /* Supporting Files */ = {
			isa = PBXGroup;
			children = (
				859587061ABA3F850020BC8B /* Info.plist */,
			);
			name = "Supporting Files";
			sourceTree = "<group>";
		};
		D705A62A3EBBF2AEAC7B1E85 /* Pods */ = {
			isa = PBXGroup;
			children = (
				D6F32CE92F61E0A783A5B23D /* Pods.debug.xcconfig */,
				77798E9A3DDC93B1FF28C43D /* Pods.release.xcconfig */,
			);
			name = Pods;
			sourceTree = "<group>";
		};
/* End PBXGroup section */

/* Begin PBXNativeTarget section */
		859586EB1ABA3F850020BC8B /* api-demo */ = {
			isa = PBXNativeTarget;
			buildConfigurationList = 8595870B1ABA3F850020BC8B /* Build configuration list for PBXNativeTarget "api-demo" */;
			buildPhases = (
				336826E5D62455951DF9A190 /* Check Pods Manifest.lock */,
				859586E81ABA3F850020BC8B /* Sources */,
				859586E91ABA3F850020BC8B /* Frameworks */,
				859586EA1ABA3F850020BC8B /* Resources */,
				50A3F05CAF978E978AC5F838 /* Copy Pods Resources */,
			);
			buildRules = (
			);
			dependencies = (
			);
			name = "api-demo";
			productName = "api-demo";
			productReference = 859586EC1ABA3F850020BC8B /* api-demo.app */;
			productType = "com.apple.product-type.application";
		};
		859587001ABA3F850020BC8B /* api-demoTests */ = {
			isa = PBXNativeTarget;
			buildConfigurationList = 8595870E1ABA3F850020BC8B /* Build configuration list for PBXNativeTarget "api-demoTests" */;
			buildPhases = (
				859586FD1ABA3F850020BC8B /* Sources */,
				859586FE1ABA3F850020BC8B /* Frameworks */,
				859586FF1ABA3F850020BC8B /* Resources */,
			);
			buildRules = (
			);
			dependencies = (
				859587031ABA3F850020BC8B /* PBXTargetDependency */,
			);
			name = "api-demoTests";
			productName = "api-demoTests";
			productReference = 859587011ABA3F850020BC8B /* api-demoTests.xctest */;
			productType = "com.apple.product-type.bundle.unit-test";
		};
/* End PBXNativeTarget section */

/* Begin PBXProject section */
		859586E41ABA3F840020BC8B /* Project object */ = {
			isa = PBXProject;
			attributes = {
				LastUpgradeCheck = 0610;
				ORGANIZATIONNAME = kzy52;
				TargetAttributes = {
					859586EB1ABA3F850020BC8B = {
						CreatedOnToolsVersion = 6.1.1;
					};
					859587001ABA3F850020BC8B = {
						CreatedOnToolsVersion = 6.1.1;
						TestTargetID = 859586EB1ABA3F850020BC8B;
					};
				};
			};
			buildConfigurationList = 859586E71ABA3F840020BC8B /* Build configuration list for PBXProject "api-demo" */;
			compatibilityVersion = "Xcode 3.2";
			developmentRegion = English;
			hasScannedForEncodings = 0;
			knownRegions = (
				en,
				Base,
			);
			mainGroup = 859586E31ABA3F840020BC8B;
			productRefGroup = 859586ED1ABA3F850020BC8B /* Products */;
			projectDirPath = "";
			projectRoot = "";
			targets = (
				859586EB1ABA3F850020BC8B /* api-demo */,
				859587001ABA3F850020BC8B /* api-demoTests */,
			);
		};
/* End PBXProject section */

/* Begin PBXResourcesBuildPhase section */
		859586EA1ABA3F850020BC8B /* Resources */ = {
			isa = PBXResourcesBuildPhase;
			buildActionMask = 2147483647;
			files = (
				859586F71ABA3F850020BC8B /* Main.storyboard in Resources */,
				859586FC1ABA3F850020BC8B /* LaunchScreen.xib in Resources */,
				859586F91ABA3F850020BC8B /* Images.xcassets in Resources */,
			);
			runOnlyForDeploymentPostprocessing = 0;
		};
		859586FF1ABA3F850020BC8B /* Resources */ = {
			isa = PBXResourcesBuildPhase;
			buildActionMask = 2147483647;
			files = (
			);
			runOnlyForDeploymentPostprocessing = 0;
		};
/* End PBXResourcesBuildPhase section */

/* Begin PBXShellScriptBuildPhase section */
		336826E5D62455951DF9A190 /* Check Pods Manifest.lock */ = {
			isa = PBXShellScriptBuildPhase;
			buildActionMask = 2147483647;
			files = (
			);
			inputPaths = (
			);
			name = "Check Pods Manifest.lock";
			outputPaths = (
			);
			runOnlyForDeploymentPostprocessing = 0;
			shellPath = /bin/sh;
			shellScript = "diff \"${PODS_ROOT}/../Podfile.lock\" \"${PODS_ROOT}/Manifest.lock\" > /dev/null\nif [[ $? != 0 ]] ; then\n    cat << EOM\nerror: The sandbox is not in sync with the Podfile.lock. Run 'pod install' or update your CocoaPods installation.\nEOM\n    exit 1\nfi\n";
			showEnvVarsInLog = 0;
		};
		50A3F05CAF978E978AC5F838 /* Copy Pods Resources */ = {
			isa = PBXShellScriptBuildPhase;
			buildActionMask = 2147483647;
			files = (
			);
			inputPaths = (
			);
			name = "Copy Pods Resources";
			outputPaths = (
			);
			runOnlyForDeploymentPostprocessing = 0;
			shellPath = /bin/sh;
			shellScript = "\"${SRCROOT}/Pods/Target Support Files/Pods/Pods-resources.sh\"\n";
			showEnvVarsInLog = 0;
		};
/* End PBXShellScriptBuildPhase section */

/* Begin PBXSourcesBuildPhase section */
		859586E81ABA3F850020BC8B /* Sources */ = {
			isa = PBXSourcesBuildPhase;
			buildActionMask = 2147483647;
			files = (
				859586F41ABA3F850020BC8B /* ViewController.swift in Sources */,
				859586F21ABA3F850020BC8B /* AppDelegate.swift in Sources */,
				859587141ABA4C5E0020BC8B /* User.swift in Sources */,
			);
			runOnlyForDeploymentPostprocessing = 0;
		};
		859586FD1ABA3F850020BC8B /* Sources */ = {
			isa = PBXSourcesBuildPhase;
			buildActionMask = 2147483647;
			files = (
				859587081ABA3F850020BC8B /* api_demoTests.swift in Sources */,
			);
			runOnlyForDeploymentPostprocessing = 0;
		};
/* End PBXSourcesBuildPhase section */

/* Begin PBXTargetDependency section */
		859587031ABA3F850020BC8B /* PBXTargetDependency */ = {
			isa = PBXTargetDependency;
			target = 859586EB1ABA3F850020BC8B /* api-demo */;
			targetProxy = 859587021ABA3F850020BC8B /* PBXContainerItemProxy */;
		};
/* End PBXTargetDependency section */

/* Begin PBXVariantGroup section */
		859586F51ABA3F850020BC8B /* Main.storyboard */ = {
			isa = PBXVariantGroup;
			children = (
				859586F61ABA3F850020BC8B /* Base */,
			);
			name = Main.storyboard;
			sourceTree = "<group>";
		};
		859586FA1ABA3F850020BC8B /* LaunchScreen.xib */ = {
			isa = PBXVariantGroup;
			children = (
				859586FB1ABA3F850020BC8B /* Base */,
			);
			name = LaunchScreen.xib;
			sourceTree = "<group>";
		};
/* End PBXVariantGroup section */

/* Begin XCBuildConfiguration section */
		859587091ABA3F850020BC8B /* Debug */ = {
			isa = XCBuildConfiguration;
			buildSettings = {
				ALWAYS_SEARCH_USER_PATHS = NO;
				CLANG_CXX_LANGUAGE_STANDARD = "gnu++0x";
				CLANG_CXX_LIBRARY = "libc++";
				CLANG_ENABLE_MODULES = YES;
				CLANG_ENABLE_OBJC_ARC = YES;
				CLANG_WARN_BOOL_CONVERSION = YES;
				CLANG_WARN_CONSTANT_CONVERSION = YES;
				CLANG_WARN_DIRECT_OBJC_ISA_USAGE = YES_ERROR;
				CLANG_WARN_EMPTY_BODY = YES;
				CLANG_WARN_ENUM_CONVERSION = YES;
				CLANG_WARN_INT_CONVERSION = YES;
				CLANG_WARN_OBJC_ROOT_CLASS = YES_ERROR;
				CLANG_WARN_UNREACHABLE_CODE = YES;
				CLANG_WARN__DUPLICATE_METHOD_MATCH = YES;
				"CODE_SIGN_IDENTITY[sdk=iphoneos*]" = "iPhone Developer";
				COPY_PHASE_STRIP = NO;
				ENABLE_STRICT_OBJC_MSGSEND = YES;
				GCC_C_LANGUAGE_STANDARD = gnu99;
				GCC_DYNAMIC_NO_PIC = NO;
				GCC_OPTIMIZATION_LEVEL = 0;
				GCC_PREPROCESSOR_DEFINITIONS = (
					"DEBUG=1",
					"$(inherited)",
				);
				GCC_SYMBOLS_PRIVATE_EXTERN = NO;
				GCC_WARN_64_TO_32_BIT_CONVERSION = YES;
				GCC_WARN_ABOUT_RETURN_TYPE = YES_ERROR;
				GCC_WARN_UNDECLARED_SELECTOR = YES;
				GCC_WARN_UNINITIALIZED_AUTOS = YES_AGGRESSIVE;
				GCC_WARN_UNUSED_FUNCTION = YES;
				GCC_WARN_UNUSED_VARIABLE = YES;
				IPHONEOS_DEPLOYMENT_TARGET = 8.1;
				MTL_ENABLE_DEBUG_INFO = YES;
				ONLY_ACTIVE_ARCH = YES;
				SDKROOT = iphoneos;
				SWIFT_OPTIMIZATION_LEVEL = "-Onone";
				TARGETED_DEVICE_FAMILY = "1,2";
			};
			name = Debug;
		};
		8595870A1ABA3F850020BC8B /* Release */ = {
			isa = XCBuildConfiguration;
			buildSettings = {
				ALWAYS_SEARCH_USER_PATHS = NO;
				CLANG_CXX_LANGUAGE_STANDARD = "gnu++0x";
				CLANG_CXX_LIBRARY = "libc++";
				CLANG_ENABLE_MODULES = YES;
				CLANG_ENABLE_OBJC_ARC = YES;
				CLANG_WARN_BOOL_CONVERSION = YES;
				CLANG_WARN_CONSTANT_CONVERSION = YES;
				CLANG_WARN_DIRECT_OBJC_ISA_USAGE = YES_ERROR;
				CLANG_WARN_EMPTY_BODY = YES;
				CLANG_WARN_ENUM_CONVERSION = YES;
				CLANG_WARN_INT_CONVERSION = YES;
				CLANG_WARN_OBJC_ROOT_CLASS = YES_ERROR;
				CLANG_WARN_UNREACHABLE_CODE = YES;
				CLANG_WARN__DUPLICATE_METHOD_MATCH = YES;
				"CODE_SIGN_IDENTITY[sdk=iphoneos*]" = "iPhone Developer";
				COPY_PHASE_STRIP = YES;
				ENABLE_NS_ASSERTIONS = NO;
				ENABLE_STRICT_OBJC_MSGSEND = YES;
				GCC_C_LANGUAGE_STANDARD = gnu99;
				GCC_WARN_64_TO_32_BIT_CONVERSION = YES;
				GCC_WARN_ABOUT_RETURN_TYPE = YES_ERROR;
				GCC_WARN_UNDECLARED_SELECTOR = YES;
				GCC_WARN_UNINITIALIZED_AUTOS = YES_AGGRESSIVE;
				GCC_WARN_UNUSED_FUNCTION = YES;
				GCC_WARN_UNUSED_VARIABLE = YES;
				IPHONEOS_DEPLOYMENT_TARGET = 8.1;
				MTL_ENABLE_DEBUG_INFO = NO;
				SDKROOT = iphoneos;
				TARGETED_DEVICE_FAMILY = "1,2";
				VALIDATE_PRODUCT = YES;
			};
			name = Release;
		};
		8595870C1ABA3F850020BC8B /* Debug */ = {
			isa = XCBuildConfiguration;
			baseConfigurationReference = D6F32CE92F61E0A783A5B23D /* Pods.debug.xcconfig */;
			buildSettings = {
				ASSETCATALOG_COMPILER_APPICON_NAME = AppIcon;
				INFOPLIST_FILE = "api-demo/Info.plist";
				LD_RUNPATH_SEARCH_PATHS = "$(inherited) @executable_path/Frameworks";
				PRODUCT_NAME = "$(TARGET_NAME)";
				SWIFT_OBJC_BRIDGING_HEADER = "api-demo/Bridging-Header.h";
			};
			name = Debug;
		};
		8595870D1ABA3F850020BC8B /* Release */ = {
			isa = XCBuildConfiguration;
			baseConfigurationReference = 77798E9A3DDC93B1FF28C43D /* Pods.release.xcconfig */;
			buildSettings = {
				ASSETCATALOG_COMPILER_APPICON_NAME = AppIcon;
				INFOPLIST_FILE = "api-demo/Info.plist";
				LD_RUNPATH_SEARCH_PATHS = "$(inherited) @executable_path/Frameworks";
				PRODUCT_NAME = "$(TARGET_NAME)";
				SWIFT_OBJC_BRIDGING_HEADER = "api-demo/Bridging-Header.h";
			};
			name = Release;
		};
		8595870F1ABA3F850020BC8B /* Debug */ = {
			isa = XCBuildConfiguration;
			buildSettings = {
				BUNDLE_LOADER = "$(TEST_HOST)";
				FRAMEWORK_SEARCH_PATHS = (
					"$(SDKROOT)/Developer/Library/Frameworks",
					"$(inherited)",
				);
				GCC_PREPROCESSOR_DEFINITIONS = (
					"DEBUG=1",
					"$(inherited)",
				);
				INFOPLIST_FILE = "api-demoTests/Info.plist";
				LD_RUNPATH_SEARCH_PATHS = "$(inherited) @executable_path/Frameworks @loader_path/Frameworks";
				PRODUCT_NAME = "$(TARGET_NAME)";
				TEST_HOST = "$(BUILT_PRODUCTS_DIR)/api-demo.app/api-demo";
			};
			name = Debug;
		};
		859587101ABA3F850020BC8B /* Release */ = {
			isa = XCBuildConfiguration;
			buildSettings = {
				BUNDLE_LOADER = "$(TEST_HOST)";
				FRAMEWORK_SEARCH_PATHS = (
					"$(SDKROOT)/Developer/Library/Frameworks",
					"$(inherited)",
				);
				INFOPLIST_FILE = "api-demoTests/Info.plist";
				LD_RUNPATH_SEARCH_PATHS = "$(inherited) @executable_path/Frameworks @loader_path/Frameworks";
				PRODUCT_NAME = "$(TARGET_NAME)";
				TEST_HOST = "$(BUILT_PRODUCTS_DIR)/api-demo.app/api-demo";
			};
			name = Release;
		};
/* End XCBuildConfiguration section */

/* Begin XCConfigurationList section */
		859586E71ABA3F840020BC8B /* Build configuration list for PBXProject "api-demo" */ = {
			isa = XCConfigurationList;
			buildConfigurations = (
				859587091ABA3F850020BC8B /* Debug */,
				8595870A1ABA3F850020BC8B /* Release */,
			);
			defaultConfigurationIsVisible = 0;
			defaultConfigurationName = Release;
		};
		8595870B1ABA3F850020BC8B /* Build configuration list for PBXNativeTarget "api-demo" */ = {
			isa = XCConfigurationList;
			buildConfigurations = (
				8595870C1ABA3F850020BC8B /* Debug */,
				8595870D1ABA3F850020BC8B /* Release */,
			);
			defaultConfigurationIsVisible = 0;
			defaultConfigurationName = Release;
		};
		8595870E1ABA3F850020BC8B /* Build configuration list for PBXNativeTarget "api-demoTests" */ = {
			isa = XCConfigurationList;
			buildConfigurations = (
				8595870F1ABA3F850020BC8B /* Debug */,
				859587101ABA3F850020BC8B /* Release */,
			);
			defaultConfigurationIsVisible = 0;
			defaultConfigurationName = Release;
		};
/* End XCConfigurationList section */
	};
	rootObject = 859586E41ABA3F840020BC8B /* Project object */;
}
